
Microsoft Visual Studio Solution File, Format Version 12.00
# Visual Studio Version 16
VisualStudioVersion = 16.0.29926.136
MinimumVisualStudioVersion = 10.0.40219.1
Project("{8BC9CEB8-8B4A-11D0-8D11-00A0C91BC942}") = "Castlevania", "Castlevania\Castlevania.vcxproj", "{ED93D879-CB89-4323-A94D-59FA6C761334}"
EndProject
Global
	GlobalSection(SolutionConfigurationPlatforms) = preSolution
		Debug|x64 = Debug|x64
		Debug|x86 = Debug|x86
		Release|x64 = Release|x64
		Release|x86 = Release|x86
	EndGlobalSection
	GlobalSection(ProjectConfigurationPlatforms) = postSolution
		{ED93D879-CB89-4323-A94D-59FA6C761334}.Debug|x64.ActiveCfg = Debug|x64
		{ED93D879-CB89-4323-A94D-59FA6C761334}.Debug|x64.Build.0 = Debug|x64
		{ED93D879-CB89-4323-A94D-59FA6C761334}.Debug|x86.ActiveCfg = Debug|Win32
		{ED93D879-CB89-4323-A94D-59FA6C761334}.Debug|x86.Build.0 = Debug|Win32
		{ED93D879-CB89-4323-A94D-59FA6C761334}.Release|x64.ActiveCfg = Release|x64
		{ED93D879-CB89-4323-A94D-59FA6C761334}.Release|x64.Build.0 = Release|x64
		{ED93D879-CB89-4323-A94D-59FA6C761334}.Release|x86.ActiveCfg = Release|Win32
		{ED93D879-CB89-4323-A94D-59FA6C761334}.Release|x86.Build.0 = Release|Win32
	EndGlobalSection
	GlobalSection(SolutionProperties) = preSolution
		HideSolutionNode = FALSE
	EndGlobalSection
	GlobalSection(ExtensibilityGlobals) = postSolution
		SolutionGuid = {A3ED6FB7-D259-4D60-8D42-D88E83C0BB2B}
	EndGlobalSection
EndGlobal
